
Microsoft Visual Studio Solution File, Format Version 12.00
# Visual Studio Version 16
VisualStudioVersion = 16.0.32407.337
MinimumVisualStudioVersion = 10.0.40219.1
Project("{FAE04EC0-301F-11D3-BF4B-00C04F79EFBC}") = "EventsAndMulticastDelegates", "EventsAndMulticastDelegates\EventsAndMulticastDelegates.csproj", "{51029C92-4918-403D-ADE3-F4C7664BC5E7}"
EndProject
Global
	GlobalSection(SolutionConfigurationPlatforms) = preSolution
		Debug|Any CPU = Debug|Any CPU
		Release|Any CPU = Release|Any CPU
	EndGlobalSection
	GlobalSection(ProjectConfigurationPlatforms) = postSolution
		{51029C92-4918-403D-ADE3-F4C7664BC5E7}.Debug|Any CPU.ActiveCfg = Debug|Any CPU
		{51029C92-4918-403D-ADE3-F4C7664BC5E7}.Debug|Any CPU.Build.0 = Debug|Any CPU
		{51029C92-4918-403D-ADE3-F4C7664BC5E7}.Release|Any CPU.ActiveCfg = Release|Any CPU
		{51029C92-4918-403D-ADE3-F4C7664BC5E7}.Release|Any CPU.Build.0 = Release|Any CPU
	EndGlobalSection
	GlobalSection(SolutionProperties) = preSolution
		HideSolutionNode = FALSE
	EndGlobalSection
	GlobalSection(ExtensibilityGlobals) = postSolution
		SolutionGuid = {D3EBB406-859F-4268-A2A9-35F9C82D0E9C}
	EndGlobalSection
EndGlobal
