
Microsoft Visual Studio Solution File, Format Version 12.00
# Visual Studio Version 16
VisualStudioVersion = 16.0.32901.82
MinimumVisualStudioVersion = 10.0.40219.1
Project("{FAE04EC0-301F-11D3-BF4B-00C04F79EFBC}") = "NETCORELinqToSQLiteAnnotations", "NETCORELinqToSQLiteAnnotations\NETCORELinqToSQLiteAnnotations.csproj", "{B526CFC8-4E87-4345-A784-85E360AB60A7}"
EndProject
Global
	GlobalSection(SolutionConfigurationPlatforms) = preSolution
		Debug|Any CPU = Debug|Any CPU
		Release|Any CPU = Release|Any CPU
	EndGlobalSection
	GlobalSection(ProjectConfigurationPlatforms) = postSolution
		{B526CFC8-4E87-4345-A784-85E360AB60A7}.Debug|Any CPU.ActiveCfg = Debug|Any CPU
		{B526CFC8-4E87-4345-A784-85E360AB60A7}.Debug|Any CPU.Build.0 = Debug|Any CPU
		{B526CFC8-4E87-4345-A784-85E360AB60A7}.Release|Any CPU.ActiveCfg = Release|Any CPU
		{B526CFC8-4E87-4345-A784-85E360AB60A7}.Release|Any CPU.Build.0 = Release|Any CPU
	EndGlobalSection
	GlobalSection(SolutionProperties) = preSolution
		HideSolutionNode = FALSE
	EndGlobalSection
	GlobalSection(ExtensibilityGlobals) = postSolution
		SolutionGuid = {1EDA7E83-7815-4A4C-804E-7B17E07BA60B}
	EndGlobalSection
EndGlobal
