
Microsoft Visual Studio Solution File, Format Version 12.00
# Visual Studio Version 16
VisualStudioVersion = 16.0.32901.82
MinimumVisualStudioVersion = 10.0.40219.1
Project("{FAE04EC0-301F-11D3-BF4B-00C04F79EFBC}") = "WPF 04C Events in XAML", "WPF 04C Events in XAML\WPF 04C Events in XAML.csproj", "{9FC3EB42-1B04-4726-A4EC-9EAB131DC7C6}"
EndProject
Global
	GlobalSection(SolutionConfigurationPlatforms) = preSolution
		Debug|Any CPU = Debug|Any CPU
		Release|Any CPU = Release|Any CPU
	EndGlobalSection
	GlobalSection(ProjectConfigurationPlatforms) = postSolution
		{9FC3EB42-1B04-4726-A4EC-9EAB131DC7C6}.Debug|Any CPU.ActiveCfg = Debug|Any CPU
		{9FC3EB42-1B04-4726-A4EC-9EAB131DC7C6}.Debug|Any CPU.Build.0 = Debug|Any CPU
		{9FC3EB42-1B04-4726-A4EC-9EAB131DC7C6}.Release|Any CPU.ActiveCfg = Release|Any CPU
		{9FC3EB42-1B04-4726-A4EC-9EAB131DC7C6}.Release|Any CPU.Build.0 = Release|Any CPU
	EndGlobalSection
	GlobalSection(SolutionProperties) = preSolution
		HideSolutionNode = FALSE
	EndGlobalSection
	GlobalSection(ExtensibilityGlobals) = postSolution
		SolutionGuid = {8846DDEC-4590-4089-8996-3449C9C22E25}
	EndGlobalSection
EndGlobal
