
Microsoft Visual Studio Solution File, Format Version 12.00
# Visual Studio Version 16
VisualStudioVersion = 16.0.32901.82
MinimumVisualStudioVersion = 10.0.40219.1
Project("{FAE04EC0-301F-11D3-BF4B-00C04F79EFBC}") = "WPF 01C", "WPF 01C\WPF 01C.csproj", "{E164628B-F1AB-47C9-85AD-086A10EAEB8B}"
EndProject
Global
	GlobalSection(SolutionConfigurationPlatforms) = preSolution
		Debug|Any CPU = Debug|Any CPU
		Release|Any CPU = Release|Any CPU
	EndGlobalSection
	GlobalSection(ProjectConfigurationPlatforms) = postSolution
		{E164628B-F1AB-47C9-85AD-086A10EAEB8B}.Debug|Any CPU.ActiveCfg = Debug|Any CPU
		{E164628B-F1AB-47C9-85AD-086A10EAEB8B}.Debug|Any CPU.Build.0 = Debug|Any CPU
		{E164628B-F1AB-47C9-85AD-086A10EAEB8B}.Release|Any CPU.ActiveCfg = Release|Any CPU
		{E164628B-F1AB-47C9-85AD-086A10EAEB8B}.Release|Any CPU.Build.0 = Release|Any CPU
	EndGlobalSection
	GlobalSection(SolutionProperties) = preSolution
		HideSolutionNode = FALSE
	EndGlobalSection
	GlobalSection(ExtensibilityGlobals) = postSolution
		SolutionGuid = {BA6278FC-4C4B-4A57-A75E-19C32C7224F2}
	EndGlobalSection
EndGlobal
