
Microsoft Visual Studio Solution File, Format Version 12.00
# Visual Studio Version 16
VisualStudioVersion = 16.0.32407.337
MinimumVisualStudioVersion = 10.0.40219.1
Project("{FAE04EC0-301F-11D3-BF4B-00C04F79EFBC}") = "UdemyCollections", "UdemyCollections\UdemyCollections.csproj", "{C1808314-3968-4762-A5FB-3AD8D172EB93}"
EndProject
Global
	GlobalSection(SolutionConfigurationPlatforms) = preSolution
		Debug|Any CPU = Debug|Any CPU
		Release|Any CPU = Release|Any CPU
	EndGlobalSection
	GlobalSection(ProjectConfigurationPlatforms) = postSolution
		{C1808314-3968-4762-A5FB-3AD8D172EB93}.Debug|Any CPU.ActiveCfg = Debug|Any CPU
		{C1808314-3968-4762-A5FB-3AD8D172EB93}.Debug|Any CPU.Build.0 = Debug|Any CPU
		{C1808314-3968-4762-A5FB-3AD8D172EB93}.Release|Any CPU.ActiveCfg = Release|Any CPU
		{C1808314-3968-4762-A5FB-3AD8D172EB93}.Release|Any CPU.Build.0 = Release|Any CPU
	EndGlobalSection
	GlobalSection(SolutionProperties) = preSolution
		HideSolutionNode = FALSE
	EndGlobalSection
	GlobalSection(ExtensibilityGlobals) = postSolution
		SolutionGuid = {D4FE68F0-194D-4DB8-81A5-4E4AE465DCC7}
	EndGlobalSection
EndGlobal
