
Microsoft Visual Studio Solution File, Format Version 12.00
# Visual Studio Version 16
VisualStudioVersion = 16.0.32407.337
MinimumVisualStudioVersion = 10.0.40219.1
Project("{FAE04EC0-301F-11D3-BF4B-00C04F79EFBC}") = "DateTimeT", "DateTimeT\DateTimeT.csproj", "{CAC6D241-CD95-4374-8C97-F85CEB44B136}"
EndProject
Global
	GlobalSection(SolutionConfigurationPlatforms) = preSolution
		Debug|Any CPU = Debug|Any CPU
		Release|Any CPU = Release|Any CPU
	EndGlobalSection
	GlobalSection(ProjectConfigurationPlatforms) = postSolution
		{CAC6D241-CD95-4374-8C97-F85CEB44B136}.Debug|Any CPU.ActiveCfg = Debug|Any CPU
		{CAC6D241-CD95-4374-8C97-F85CEB44B136}.Debug|Any CPU.Build.0 = Debug|Any CPU
		{CAC6D241-CD95-4374-8C97-F85CEB44B136}.Release|Any CPU.ActiveCfg = Release|Any CPU
		{CAC6D241-CD95-4374-8C97-F85CEB44B136}.Release|Any CPU.Build.0 = Release|Any CPU
	EndGlobalSection
	GlobalSection(SolutionProperties) = preSolution
		HideSolutionNode = FALSE
	EndGlobalSection
	GlobalSection(ExtensibilityGlobals) = postSolution
		SolutionGuid = {569B03F0-D89C-436B-9295-0E8989D57AF8}
	EndGlobalSection
EndGlobal
