
Microsoft Visual Studio Solution File, Format Version 12.00
# Visual Studio Version 16
VisualStudioVersion = 16.0.32901.82
MinimumVisualStudioVersion = 10.0.40219.1
Project("{FAE04EC0-301F-11D3-BF4B-00C04F79EFBC}") = "LinqToSQL", "LinqToSQL\LinqToSQL.csproj", "{AF8C8D75-9323-4DE1-88E5-A92FF041141B}"
EndProject
Global
	GlobalSection(SolutionConfigurationPlatforms) = preSolution
		Debug|Any CPU = Debug|Any CPU
		Release|Any CPU = Release|Any CPU
	EndGlobalSection
	GlobalSection(ProjectConfigurationPlatforms) = postSolution
		{AF8C8D75-9323-4DE1-88E5-A92FF041141B}.Debug|Any CPU.ActiveCfg = Debug|Any CPU
		{AF8C8D75-9323-4DE1-88E5-A92FF041141B}.Debug|Any CPU.Build.0 = Debug|Any CPU
		{AF8C8D75-9323-4DE1-88E5-A92FF041141B}.Release|Any CPU.ActiveCfg = Release|Any CPU
		{AF8C8D75-9323-4DE1-88E5-A92FF041141B}.Release|Any CPU.Build.0 = Release|Any CPU
	EndGlobalSection
	GlobalSection(SolutionProperties) = preSolution
		HideSolutionNode = FALSE
	EndGlobalSection
	GlobalSection(ExtensibilityGlobals) = postSolution
		SolutionGuid = {E63BE270-7239-4AE3-887F-A7EF86DFC350}
	EndGlobalSection
EndGlobal
