
Microsoft Visual Studio Solution File, Format Version 12.00
# Visual Studio Version 16
VisualStudioVersion = 16.0.32407.337
MinimumVisualStudioVersion = 10.0.40219.1
Project("{FAE04EC0-301F-11D3-BF4B-00C04F79EFBC}") = "InterfaceDemo", "InterfaceDemo\InterfaceDemo.csproj", "{8E242CB1-998A-404C-9528-1776FD640F06}"
EndProject
Global
	GlobalSection(SolutionConfigurationPlatforms) = preSolution
		Debug|Any CPU = Debug|Any CPU
		Release|Any CPU = Release|Any CPU
	EndGlobalSection
	GlobalSection(ProjectConfigurationPlatforms) = postSolution
		{8E242CB1-998A-404C-9528-1776FD640F06}.Debug|Any CPU.ActiveCfg = Debug|Any CPU
		{8E242CB1-998A-404C-9528-1776FD640F06}.Debug|Any CPU.Build.0 = Debug|Any CPU
		{8E242CB1-998A-404C-9528-1776FD640F06}.Release|Any CPU.ActiveCfg = Release|Any CPU
		{8E242CB1-998A-404C-9528-1776FD640F06}.Release|Any CPU.Build.0 = Release|Any CPU
	EndGlobalSection
	GlobalSection(SolutionProperties) = preSolution
		HideSolutionNode = FALSE
	EndGlobalSection
	GlobalSection(ExtensibilityGlobals) = postSolution
		SolutionGuid = {D3A0FF2A-2625-4849-8A77-B1457FBF858B}
	EndGlobalSection
EndGlobal
