
Microsoft Visual Studio Solution File, Format Version 12.00
# Visual Studio Version 16
VisualStudioVersion = 16.0.32901.82
MinimumVisualStudioVersion = 10.0.40219.1
Project("{FAE04EC0-301F-11D3-BF4B-00C04F79EFBC}") = "WPF ZooManager", "WPF ZooManager\WPF ZooManager.csproj", "{A84700ED-5C54-4406-87AE-D78ACC26FCFD}"
EndProject
Global
	GlobalSection(SolutionConfigurationPlatforms) = preSolution
		Debug|Any CPU = Debug|Any CPU
		Release|Any CPU = Release|Any CPU
	EndGlobalSection
	GlobalSection(ProjectConfigurationPlatforms) = postSolution
		{A84700ED-5C54-4406-87AE-D78ACC26FCFD}.Debug|Any CPU.ActiveCfg = Debug|Any CPU
		{A84700ED-5C54-4406-87AE-D78ACC26FCFD}.Debug|Any CPU.Build.0 = Debug|Any CPU
		{A84700ED-5C54-4406-87AE-D78ACC26FCFD}.Release|Any CPU.ActiveCfg = Release|Any CPU
		{A84700ED-5C54-4406-87AE-D78ACC26FCFD}.Release|Any CPU.Build.0 = Release|Any CPU
	EndGlobalSection
	GlobalSection(SolutionProperties) = preSolution
		HideSolutionNode = FALSE
	EndGlobalSection
	GlobalSection(ExtensibilityGlobals) = postSolution
		SolutionGuid = {F2946C0C-E16D-4510-AC2A-1ECA137BB46D}
	EndGlobalSection
EndGlobal
