
Microsoft Visual Studio Solution File, Format Version 12.00
# Visual Studio Version 16
VisualStudioVersion = 16.0.32901.82
MinimumVisualStudioVersion = 10.0.40219.1
Project("{FAE04EC0-301F-11D3-BF4B-00C04F79EFBC}") = "WPF10C ComboBox", "WPF10C ComboBox\WPF10C ComboBox.csproj", "{D634E98C-3081-4754-889C-5247F6DFA4CC}"
EndProject
Global
	GlobalSection(SolutionConfigurationPlatforms) = preSolution
		Debug|Any CPU = Debug|Any CPU
		Release|Any CPU = Release|Any CPU
	EndGlobalSection
	GlobalSection(ProjectConfigurationPlatforms) = postSolution
		{D634E98C-3081-4754-889C-5247F6DFA4CC}.Debug|Any CPU.ActiveCfg = Debug|Any CPU
		{D634E98C-3081-4754-889C-5247F6DFA4CC}.Debug|Any CPU.Build.0 = Debug|Any CPU
		{D634E98C-3081-4754-889C-5247F6DFA4CC}.Release|Any CPU.ActiveCfg = Release|Any CPU
		{D634E98C-3081-4754-889C-5247F6DFA4CC}.Release|Any CPU.Build.0 = Release|Any CPU
	EndGlobalSection
	GlobalSection(SolutionProperties) = preSolution
		HideSolutionNode = FALSE
	EndGlobalSection
	GlobalSection(ExtensibilityGlobals) = postSolution
		SolutionGuid = {882C781E-E179-4437-9366-0D7D680E1672}
	EndGlobalSection
EndGlobal
