
Microsoft Visual Studio Solution File, Format Version 12.00
# Visual Studio Version 16
VisualStudioVersion = 16.0.32901.82
MinimumVisualStudioVersion = 10.0.40219.1
Project("{FAE04EC0-301F-11D3-BF4B-00C04F79EFBC}") = "WPF 07C - Databinding", "WPF 07C - Databinding\WPF 07C - Databinding.csproj", "{9DCCB12B-F97D-45DC-AD71-A523C7847C62}"
EndProject
Global
	GlobalSection(SolutionConfigurationPlatforms) = preSolution
		Debug|Any CPU = Debug|Any CPU
		Release|Any CPU = Release|Any CPU
	EndGlobalSection
	GlobalSection(ProjectConfigurationPlatforms) = postSolution
		{9DCCB12B-F97D-45DC-AD71-A523C7847C62}.Debug|Any CPU.ActiveCfg = Debug|Any CPU
		{9DCCB12B-F97D-45DC-AD71-A523C7847C62}.Debug|Any CPU.Build.0 = Debug|Any CPU
		{9DCCB12B-F97D-45DC-AD71-A523C7847C62}.Release|Any CPU.ActiveCfg = Release|Any CPU
		{9DCCB12B-F97D-45DC-AD71-A523C7847C62}.Release|Any CPU.Build.0 = Release|Any CPU
	EndGlobalSection
	GlobalSection(SolutionProperties) = preSolution
		HideSolutionNode = FALSE
	EndGlobalSection
	GlobalSection(ExtensibilityGlobals) = postSolution
		SolutionGuid = {F6FDE728-5EE2-4F02-8234-D8B4D4D1AE21}
	EndGlobalSection
EndGlobal
