
Microsoft Visual Studio Solution File, Format Version 12.00
# Visual Studio Version 16
VisualStudioVersion = 16.0.32407.337
MinimumVisualStudioVersion = 10.0.40219.1
Project("{FAE04EC0-301F-11D3-BF4B-00C04F79EFBC}") = "RegexE", "RegexE\RegexE.csproj", "{C220C08E-278B-4C65-88D6-C58E7F4B07F7}"
EndProject
Global
	GlobalSection(SolutionConfigurationPlatforms) = preSolution
		Debug|Any CPU = Debug|Any CPU
		Release|Any CPU = Release|Any CPU
	EndGlobalSection
	GlobalSection(ProjectConfigurationPlatforms) = postSolution
		{C220C08E-278B-4C65-88D6-C58E7F4B07F7}.Debug|Any CPU.ActiveCfg = Debug|Any CPU
		{C220C08E-278B-4C65-88D6-C58E7F4B07F7}.Debug|Any CPU.Build.0 = Debug|Any CPU
		{C220C08E-278B-4C65-88D6-C58E7F4B07F7}.Release|Any CPU.ActiveCfg = Release|Any CPU
		{C220C08E-278B-4C65-88D6-C58E7F4B07F7}.Release|Any CPU.Build.0 = Release|Any CPU
	EndGlobalSection
	GlobalSection(SolutionProperties) = preSolution
		HideSolutionNode = FALSE
	EndGlobalSection
	GlobalSection(ExtensibilityGlobals) = postSolution
		SolutionGuid = {205861E0-6503-4189-8837-EC79E615217E}
	EndGlobalSection
EndGlobal
